PODS:
  - connectivity (0.0.1):
    - Flutter
    - Reachability
  - connectivity_plus (0.0.1):
    - Flutter
    - Reachability
  - Flutter (1.0.0)
  - google_maps_flutter (0.0.1):
    - Flutter
    - GoogleMaps
  - GoogleMaps (4.1.0):
    - GoogleMaps/Maps (= 4.1.0)
  - GoogleMaps/Base (4.1.0)
  - GoogleMaps/Maps (4.1.0):
    - GoogleMaps/Base
  - package_info_plus (0.4.5):
    - Flutter
  - path_provider (0.0.1):
    - Flutter
  - Reachability (3.2)
  - shared_preferences (0.0.1):
    - Flutter

DEPENDENCIES:
  - connectivity (from `.symlinks/plugins/connectivity/ios`)
  - connectivity_plus (from `.symlinks/plugins/connectivity_plus/ios`)
  - Flutter (from `Flutter`)
  - google_maps_flutter (from `.symlinks/plugins/google_maps_flutter/ios`)
  - package_info_plus (from `.symlinks/plugins/package_info_plus/ios`)
  - path_provider (from `.symlinks/plugins/path_provider/ios`)
  - shared_preferences (from `.symlinks/plugins/shared_preferences/ios`)

SPEC REPOS:
  trunk:
    - GoogleMaps
    - Reachability

EXTERNAL SOURCES:
  connectivity:
    :path: ".symlinks/plugins/connectivity/ios"
  connectivity_plus:
    :path: ".symlinks/plugins/connectivity_plus/ios"
  Flutter:
    :path: Flutter
  google_maps_flutter:
    :path: ".symlinks/plugins/google_maps_flutter/ios"
  package_info_plus:
    :path: ".symlinks/plugins/package_info_plus/ios"
  path_provider:
    :path: ".symlinks/plugins/path_provider/ios"
  shared_preferences:
    :path: ".symlinks/plugins/shared_preferences/ios"

SPEC CHECKSUMS:
  connectivity: c72716e202a1225ec4810740d5cb56b8ae3bf4cc
  connectivity_plus: 5f0eb61093bec56935f21a1699dd2758bc895587
  Flutter: 434fef37c0980e73bb6479ef766c45957d4b510c
  google_maps_flutter: df4e7de95264aa0a2f11aac0fc7e313acb8ffc7e
  GoogleMaps: 008e2c80e38605b56b560e8deb73d4194ff30bef
  package_info_plus: 6c92f08e1f853dc01228d6f553146438dafcd14e
  path_provider: abfe2b5c733d04e238b0d8691db0cfd63a27a93c
  Reachability: 33e18b67625424e47b6cde6d202dce689ad7af96
  shared_preferences: af6bfa751691cdc24be3045c43ec037377ada40d

PODFILE CHECKSUM: aafe91acc616949ddb318b77800a7f51bffa2a4c

COCOAPODS: 1.10.1
